
Microsoft Visual Studio Solution File, Format Version 12.00
# Visual Studio Version 17
VisualStudioVersion = 17.0.32014.148
MinimumVisualStudioVersion = 10.0.40219.1
Project("{FAE04EC0-301F-11D3-BF4B-00C04F79EFBC}") = "HasherBot", "HasherBot.csproj", "{510CF812-CBB4-4416-8904-CF99A8086C61}"
EndProject
Project("{2150E333-8FDC-42A3-9474-1A3956D46DE8}") = "Solution Items", "Solution Items", "{9FA1F098-B63A-4414-8ECF-FB31F9BDE479}"
EndProject
Global
	GlobalSection(SolutionConfigurationPlatforms) = preSolution
		Debug|Any CPU = Debug|Any CPU
		Release|Any CPU = Release|Any CPU
	EndGlobalSection
	GlobalSection(ProjectConfigurationPlatforms) = postSolution
		{510CF812-CBB4-4416-8904-CF99A8086C61}.Debug|Any CPU.ActiveCfg = Debug|Any CPU
		{510CF812-CBB4-4416-8904-CF99A8086C61}.Debug|Any CPU.Build.0 = Debug|Any CPU
		{510CF812-CBB4-4416-8904-CF99A8086C61}.Release|Any CPU.ActiveCfg = Release|Any CPU
		{510CF812-CBB4-4416-8904-CF99A8086C61}.Release|Any CPU.Build.0 = Release|Any CPU
	EndGlobalSection
	GlobalSection(SolutionProperties) = preSolution
		HideSolutionNode = FALSE
	EndGlobalSection
	GlobalSection(ExtensibilityGlobals) = postSolution
		SolutionGuid = {46B2DD90-4A5A-4C33-8FFC-4221A48166D5}
	EndGlobalSection
EndGlobal
